
Microsoft Visual Studio Solution File, Format Version 12.00
# Visual Studio Version 17
VisualStudioVersion = 17.14.36429.23 d17.14
MinimumVisualStudioVersion = 10.0.40219.1
Project("{8BC9CEB8-8B4A-11D0-8D11-00A0C91BC942}") = "Loc", "Loc.vcxproj", "{D7E877B1-98A9-4ED3-B70C-D3A72C457B65}"
EndProject
Global
	GlobalSection(SolutionConfigurationPlatforms) = preSolution
		Debug|x64 = Debug|x64
		Debug|x86 = Debug|x86
		Release|x64 = Release|x64
		Release|x86 = Release|x86
	EndGlobalSection
	GlobalSection(ProjectConfigurationPlatforms) = postSolution
		{D7E877B1-98A9-4ED3-B70C-D3A72C457B65}.Debug|x64.ActiveCfg = Debug|x64
		{D7E877B1-98A9-4ED3-B70C-D3A72C457B65}.Debug|x64.Build.0 = Debug|x64
		{D7E877B1-98A9-4ED3-B70C-D3A72C457B65}.Debug|x86.ActiveCfg = Debug|Win32
		{D7E877B1-98A9-4ED3-B70C-D3A72C457B65}.Debug|x86.Build.0 = Debug|Win32
		{D7E877B1-98A9-4ED3-B70C-D3A72C457B65}.Release|x64.ActiveCfg = Release|x64
		{D7E877B1-98A9-4ED3-B70C-D3A72C457B65}.Release|x64.Build.0 = Release|x64
		{D7E877B1-98A9-4ED3-B70C-D3A72C457B65}.Release|x86.ActiveCfg = Release|Win32
		{D7E877B1-98A9-4ED3-B70C-D3A72C457B65}.Release|x86.Build.0 = Release|Win32
	EndGlobalSection
	GlobalSection(SolutionProperties) = preSolution
		HideSolutionNode = FALSE
	EndGlobalSection
	GlobalSection(ExtensibilityGlobals) = postSolution
		SolutionGuid = {7CD1A5CA-CCDB-46D6-90B4-B7507CF239BB}
	EndGlobalSection
EndGlobal
